# This file was autogenerated by Stack.
# You should not edit this file by hand.
# For more information, please see the documentation at:
#   https://docs.haskellstack.org/en/stable/lock_files

packages:
- completed:
    name: esqueleto
    version: 2.6.0
    git: https://github.com/bitemyapp/esqueleto.git
    pantry-tree:
      size: 1978
      sha256: d7540ede2b694dd33e2872125e53b146885ee61b61d3a1f0b9c8f68297ffa9c4
    commit: 08c9b4cdf977d5bcd1baba046a007940c1940758
  original:
    git: https://github.com/bitemyapp/esqueleto.git
    commit: 08c9b4cdf977d5bcd1baba046a007940c1940758
- completed:
    name: lucid-from-html
    version: 0.7.0
    git: https://github.com/alogic0/lucid-from-html.git
    pantry-tree:
      size: 1854
      sha256: d26fcf8db230a34906502b71a019debd995732b92c31f89bdc20aedcf644ab81
    commit: 3d42b8fc45be08a0697e73441e4d28483b0cef90
  original:
    git: https://github.com/alogic0/lucid-from-html.git
    commit: 3d42b8fc45be08a0697e73441e4d28483b0cef90
snapshots:
- completed:
    size: 532377
    url: https://raw.githubusercontent.com/commercialhaskell/stackage-snapshots/master/lts/16/12.yaml
    sha256: f914cfa23fef85bdf895e300a8234d9d0edc2dbec67f4bc9c53f85867c50eab6
  original: lts-16.12
